// !$*UTF8*$!
{
	archiveVersion = 1;
	classes = {
	};
	objectVersion = 46;
	objects = {

/* Begin PBXBuildFile section */
		C1B8CB3A1BE353E300CBE1F1 /* main.m in Sources */ = {isa = PBXBuildFile; fileRef = C1B8CB391BE353E300CBE1F1 /* main.m */; };
		C1B8CB3D1BE353E300CBE1F1 /* AppDelegate.m in Sources */ = {isa = PBXBuildFile; fileRef = C1B8CB3C1BE353E300CBE1F1 /* AppDelegate.m */; };
		C1B8CB401BE353E300CBE1F1 /* ViewController.m in Sources */ = {isa = PBXBuildFile; fileRef = C1B8CB3F1BE353E300CBE1F1 /* ViewController.m */; };
		C1B8CB431BE353E300CBE1F1 /* Main.storyboard in Resources */ = {isa = PBXBuildFile; fileRef = C1B8CB411BE353E300CBE1F1 /* Main.storyboard */; };
		C1B8CB451BE353E300CBE1F1 /* Assets.xcassets in Resources */ = {isa = PBXBuildFile; fileRef = C1B8CB441BE353E300CBE1F1 /* Assets.xcassets */; };
		C1B8CB481BE353E300CBE1F1 /* LaunchScreen.storyboard in Resources */ = {isa = PBXBuildFile; fileRef = C1B8CB461BE353E300CBE1F1 /* LaunchScreen.storyboard */; };
/* End PBXBuildFile section */

/* Begin PBXFileReference section */
		C1B8CB351BE353E300CBE1F1 /* account.app */ = {isa = PBXFileReference; explicitFileType = wrapper.application; includeInIndex = 0; path = account.app; sourceTree = BUILT_PRODUCTS_DIR; };
		C1B8CB391BE353E300CBE1F1 /* main.m */ = {isa = PBXFileReference; lastKnownFileType = sourcecode.c.objc; path = main.m; sourceTree = "<group>"; };
		C1B8CB3B1BE353E300CBE1F1 /* AppDelegate.h */ = {isa = PBXFileReference; lastKnownFileType = sourcecode.c.h; path = AppDelegate.h; sourceTree = "<group>"; };
		C1B8CB3C1BE353E300CBE1F1 /* AppDelegate.m */ = {isa = PBXFileReference; lastKnownFileType = sourcecode.c.objc; path = AppDelegate.m; sourceTree = "<group>"; };
		C1B8CB3E1BE353E300CBE1F1 /* ViewController.h */ = {isa = PBXFileReference; lastKnownFileType = sourcecode.c.h; path = ViewController.h; sourceTree = "<group>"; };
		C1B8CB3F1BE353E300CBE1F1 /* ViewController.m */ = {isa = PBXFileReference; lastKnownFileType = sourcecode.c.objc; path = ViewController.m; sourceTree = "<group>"; };
		C1B8CB421BE353E300CBE1F1 /* Base */ = {isa = PBXFileReference; lastKnownFileType = file.storyboard; name = Base; path = Base.lproj/Main.storyboard; sourceTree = "<group>"; };
		C1B8CB441BE353E300CBE1F1 /* Assets.xcassets */ = {isa = PBXFileReference; lastKnownFileType = folder.assetcatalog; path = Assets.xcassets; sourceTree = "<group>"; };
		C1B8CB471BE353E300CBE1F1 /* Base */ = {isa = PBXFileReference; lastKnownFileType = file.storyboard; name = Base; path = Base.lproj/LaunchScreen.storyboard; sourceTree = "<group>"; };
		C1B8CB491BE353E300CBE1F1 /* Info.plist */ = {isa = PBXFileReference; lastKnownFileType = text.plist.xml; path = Info.plist; sourceTree = "<group>"; };
/* End PBXFileReference section */

/* Begin PBXFrameworksBuildPhase section */
		C1B8CB321BE353E300CBE1F1 /* Frameworks */ = {
			isa = PBXFrameworksBuildPhase;
			buildActionMask = 2147483647;
			files = (
			);
			runOnlyForDeploymentPostprocessing = 0;
		};
/* End PBXFrameworksBuildPhase section */

/* Begin PBXGroup section */
		C1B8CB2C1BE353E300CBE1F1 = {
			isa = PBXGroup;
			children = (
				C1B8CB371BE353E300CBE1F1 /* account */,
				C1B8CB361BE353E300CBE1F1 /* Products */,
			);
			sourceTree = "<group>";
		};
		C1B8CB361BE353E300CBE1F1 /* Products */ = {
			isa = PBXGroup;
			children = (
				C1B8CB351BE353E300CBE1F1 /* account.app */,
			);
			name = Products;
			sourceTree = "<group>";
		};
		C1B8CB371BE353E300CBE1F1 /* account */ = {
			isa = PBXGroup;
			children = (
				C1B8CB3B1BE353E300CBE1F1 /* AppDelegate.h */,
				C1B8CB3C1BE353E300CBE1F1 /* AppDelegate.m */,
				C1B8CB3E1BE353E300CBE1F1 /* ViewController.h */,
				C1B8CB3F1BE353E300CBE1F1 /* ViewController.m */,
				C1B8CB411BE353E300CBE1F1 /* Main.storyboard */,
				C1B8CB441BE353E300CBE1F1 /* Assets.xcassets */,
				C1B8CB461BE353E300CBE1F1 /* LaunchScreen.storyboard */,
				C1B8CB491BE353E300CBE1F1 /* Info.plist */,
				C1B8CB381BE353E300CBE1F1 /* Supporting Files */,
			);
			path = account;
			sourceTree = "<group>";
		};
		C1B8CB381BE353E300CBE1F1 /* Supporting Files */ = {
			isa = PBXGroup;
			children = (
				C1B8CB391BE353E300CBE1F1 /* main.m */,
			);
			name = "Supporting Files";
			sourceTree = "<group>";
		};
/* End PBXGroup section */

/* Begin PBXNativeTarget section */
		C1B8CB341BE353E300CBE1F1 /* account */ = {
			isa = PBXNativeTarget;
			buildConfigurationList = C1B8CB4C1BE353E300CBE1F1 /* Build configuration list for PBXNativeTarget "account" */;
			buildPhases = (
				C1B8CB311BE353E300CBE1F1 /* Sources */,
				C1B8CB321BE353E300CBE1F1 /* Frameworks */,
				C1B8CB331BE353E300CBE1F1 /* Resources */,
			);
			buildRules = (
			);
			dependencies = (
			);
			name = account;
			productName = account;
			productReference = C1B8CB351BE353E300CBE1F1 /* account.app */;
			productType = "com.apple.product-type.application";
		};
/* End PBXNativeTarget section */

/* Begin PBXProject section */
		C1B8CB2D1BE353E300CBE1F1 /* Project object */ = {
			isa = PBXProject;
			attributes = {
				LastUpgradeCheck = 0700;
				ORGANIZATIONNAME = ios.lee;
				TargetAttributes = {
					C1B8CB341BE353E300CBE1F1 = {
						CreatedOnToolsVersion = 7.0;
					};
				};
			};
			buildConfigurationList = C1B8CB301BE353E300CBE1F1 /* Build configuration list for PBXProject "account" */;
			compatibilityVersion = "Xcode 3.2";
			developmentRegion = English;
			hasScannedForEncodings = 0;
			knownRegions = (
				en,
				Base,
			);
			mainGroup = C1B8CB2C1BE353E300CBE1F1;
			productRefGroup = C1B8CB361BE353E300CBE1F1 /* Products */;
			projectDirPath = "";
			projectRoot = "";
			targets = (
				C1B8CB341BE353E300CBE1F1 /* account */,
			);
		};
/* End PBXProject section */

/* Begin PBXResourcesBuildPhase section */
		C1B8CB331BE353E300CBE1F1 /* Resources */ = {
			isa = PBXResourcesBuildPhase;
			buildActionMask = 2147483647;
			files = (
				C1B8CB481BE353E300CBE1F1 /* LaunchScreen.storyboard in Resources */,
				C1B8CB451BE353E300CBE1F1 /* Assets.xcassets in Resources */,
				C1B8CB431BE353E300CBE1F1 /* Main.storyboard in Resources */,
			);
			runOnlyForDeploymentPostprocessing = 0;
		};
/* End PBXResourcesBuildPhase section */

/* Begin PBXSourcesBuildPhase section */
		C1B8CB311BE353E300CBE1F1 /* Sources */ = {
			isa = PBXSourcesBuildPhase;
			buildActionMask = 2147483647;
			files = (
				C1B8CB401BE353E300CBE1F1 /* ViewController.m in Sources */,
				C1B8CB3D1BE353E300CBE1F1 /* AppDelegate.m in Sources */,
				C1B8CB3A1BE353E300CBE1F1 /* main.m in Sources */,
			);
			runOnlyForDeploymentPostprocessing = 0;
		};
/* End PBXSourcesBuildPhase section */

/* Begin PBXVariantGroup section */
		C1B8CB411BE353E300CBE1F1 /* Main.storyboard */ = {
			isa = PBXVariantGroup;
			children = (
				C1B8CB421BE353E300CBE1F1 /* Base */,
			);
			name = Main.storyboard;
			sourceTree = "<group>";
		};
		C1B8CB461BE353E300CBE1F1 /* LaunchScreen.storyboard */ = {
			isa = PBXVariantGroup;
			children = (
				C1B8CB471BE353E300CBE1F1 /* Base */,
			);
			name = LaunchScreen.storyboard;
			sourceTree = "<group>";
		};
/* End PBXVariantGroup section */

/* Begin XCBuildConfiguration section */
		C1B8CB4A1BE353E300CBE1F1 /* Debug */ = {
			isa = XCBuildConfiguration;
			buildSettings = {
				ALWAYS_SEARCH_USER_PATHS = NO;
				CLANG_CXX_LANGUAGE_STANDARD = "gnu++0x";
				CLANG_CXX_LIBRARY = "libc++";
				CLANG_ENABLE_MODULES = YES;
				CLANG_ENABLE_OBJC_ARC = YES;
				CLANG_WARN_BOOL_CONVERSION = YES;
				CLANG_WARN_CONSTANT_CONVERSION = YES;
				CLANG_WARN_DIRECT_OBJC_ISA_USAGE = YES_ERROR;
				CLANG_WARN_EMPTY_BODY = YES;
				CLANG_WARN_ENUM_CONVERSION = YES;
				CLANG_WARN_INT_CONVERSION = YES;
				CLANG_WARN_OBJC_ROOT_CLASS = YES_ERROR;
				CLANG_WARN_UNREACHABLE_CODE = YES;
				CLANG_WARN__DUPLICATE_METHOD_MATCH = YES;
				"CODE_SIGN_IDENTITY[sdk=iphoneos*]" = "iPhone Developer";
				COPY_PHASE_STRIP = NO;
				DEBUG_INFORMATION_FORMAT = dwarf;
				ENABLE_STRICT_OBJC_MSGSEND = YES;
				ENABLE_TESTABILITY = YES;
				GCC_C_LANGUAGE_STANDARD = gnu99;
				GCC_DYNAMIC_NO_PIC = NO;
				GCC_NO_COMMON_BLOCKS = YES;
				GCC_OPTIMIZATION_LEVEL = 0;
				GCC_PREPROCESSOR_DEFINITIONS = (
					"DEBUG=1",
					"$(inherited)",
				);
				GCC_WARN_64_TO_32_BIT_CONVERSION = YES;
				GCC_WARN_ABOUT_RETURN_TYPE = YES_ERROR;
				GCC_WARN_UNDECLARED_SELECTOR = YES;
				GCC_WARN_UNINITIALIZED_AUTOS = YES_AGGRESSIVE;
				GCC_WARN_UNUSED_FUNCTION = YES;
				GCC_WARN_UNUSED_VARIABLE = YES;
				IPHONEOS_DEPLOYMENT_TARGET = 9.0;
				MTL_ENABLE_DEBUG_INFO = YES;
				ONLY_ACTIVE_ARCH = YES;
				SDKROOT = iphoneos;
			};
			name = Debug;
		};
		C1B8CB4B1BE353E300CBE1F1 /* Release */ = {
			isa = XCBuildConfiguration;
			buildSettings = {
				ALWAYS_SEARCH_USER_PATHS = NO;
				CLANG_CXX_LANGUAGE_STANDARD = "gnu++0x";
				CLANG_CXX_LIBRARY = "libc++";
				CLANG_ENABLE_MODULES = YES;
				CLANG_ENABLE_OBJC_ARC = YES;
				CLANG_WARN_BOOL_CONVERSION = YES;
				CLANG_WARN_CONSTANT_CONVERSION = YES;
				CLANG_WARN_DIRECT_OBJC_ISA_USAGE = YES_ERROR;
				CLANG_WARN_EMPTY_BODY = YES;
				CLANG_WARN_ENUM_CONVERSION = YES;
				CLANG_WARN_INT_CONVERSION = YES;
				CLANG_WARN_OBJC_ROOT_CLASS = YES_ERROR;
				CLANG_WARN_UNREACHABLE_CODE = YES;
				CLANG_WARN__DUPLICATE_METHOD_MATCH = YES;
				"CODE_SIGN_IDENTITY[sdk=iphoneos*]" = "iPhone Developer";
				COPY_PHASE_STRIP = NO;
				DEBUG_INFORMATION_FORMAT = "dwarf-with-dsym";
				ENABLE_NS_ASSERTIONS = NO;
				ENABLE_STRICT_OBJC_MSGSEND = YES;
				GCC_C_LANGUAGE_STANDARD = gnu99;
				GCC_NO_COMMON_BLOCKS = YES;
				GCC_WARN_64_TO_32_BIT_CONVERSION = YES;
				GCC_WARN_ABOUT_RETURN_TYPE = YES_ERROR;
				GCC_WARN_UNDECLARED_SELECTOR = YES;
				GCC_WARN_UNINITIALIZED_AUTOS = YES_AGGRESSIVE;
				GCC_WARN_UNUSED_FUNCTION = YES;
				GCC_WARN_UNUSED_VARIABLE = YES;
				IPHONEOS_DEPLOYMENT_TARGET = 9.0;
				MTL_ENABLE_DEBUG_INFO = NO;
				SDKROOT = iphoneos;
				VALIDATE_PRODUCT = YES;
			};
			name = Release;
		};
		C1B8CB4D1BE353E300CBE1F1 /* Debug */ = {
			isa = XCBuildConfiguration;
			buildSettings = {
				ASSETCATALOG_COMPILER_APPICON_NAME = AppIcon;
				INFOPLIST_FILE = account/Info.plist;
				LD_RUNPATH_SEARCH_PATHS = "$(inherited) @executable_path/Frameworks";
				PRODUCT_BUNDLE_IDENTIFIER = Cq.lee.account;
				PRODUCT_NAME = "$(TARGET_NAME)";
			};
			name = Debug;
		};
		C1B8CB4E1BE353E300CBE1F1 /* Release */ = {
			isa = XCBuildConfiguration;
			buildSettings = {
				ASSETCATALOG_COMPILER_APPICON_NAME = AppIcon;
				INFOPLIST_FILE = account/Info.plist;
				LD_RUNPATH_SEARCH_PATHS = "$(inherited) @executable_path/Frameworks";
				PRODUCT_BUNDLE_IDENTIFIER = Cq.lee.account;
				PRODUCT_NAME = "$(TARGET_NAME)";
			};
			name = Release;
		};
/* End XCBuildConfiguration section */

/* Begin XCConfigurationList section */
		C1B8CB301BE353E300CBE1F1 /* Build configuration list for PBXProject "account" */ = {
			isa = XCConfigurationList;
			buildConfigurations = (
				C1B8CB4A1BE353E300CBE1F1 /* Debug */,
				C1B8CB4B1BE353E300CBE1F1 /* Release */,
			);
			defaultConfigurationIsVisible = 0;
			defaultConfigurationName = Release;
		};
		C1B8CB4C1BE353E300CBE1F1 /* Build configuration list for PBXNativeTarget "account" */ = {
			isa = XCConfigurationList;
			buildConfigurations = (
				C1B8CB4D1BE353E300CBE1F1 /* Debug */,
				C1B8CB4E1BE353E300CBE1F1 /* Release */,
			);
			defaultConfigurationIsVisible = 0;
		};
/* End XCConfigurationList section */
	};
	rootObject = C1B8CB2D1BE353E300CBE1F1 /* Project object */;
}
